
Microsoft Visual Studio Solution File, Format Version 12.00
# Visual Studio Version 17
VisualStudioVersion = 17.11.35312.102
MinimumVisualStudioVersion = 10.0.40219.1
Project("{FAE04EC0-301F-11D3-BF4B-00C04F79EFBC}") = "WpfApp2", "WpfApp2\WpfApp2.csproj", "{A026D24C-C6FB-40BF-BE59-485327665604}"
EndProject
Global
	GlobalSection(SolutionConfigurationPlatforms) = preSolution
		Debug|Any CPU = Debug|Any CPU
		Release|Any CPU = Release|Any CPU
	EndGlobalSection
	GlobalSection(ProjectConfigurationPlatforms) = postSolution
		{A026D24C-C6FB-40BF-BE59-485327665604}.Debug|Any CPU.ActiveCfg = Debug|Any CPU
		{A026D24C-C6FB-40BF-BE59-485327665604}.Debug|Any CPU.Build.0 = Debug|Any CPU
		{A026D24C-C6FB-40BF-BE59-485327665604}.Release|Any CPU.ActiveCfg = Release|Any CPU
		{A026D24C-C6FB-40BF-BE59-485327665604}.Release|Any CPU.Build.0 = Release|Any CPU
	EndGlobalSection
	GlobalSection(SolutionProperties) = preSolution
		HideSolutionNode = FALSE
	EndGlobalSection
	GlobalSection(ExtensibilityGlobals) = postSolution
		SolutionGuid = {CD208B3F-5D99-49CD-9F29-CAA7BB7B8265}
	EndGlobalSection
EndGlobal
